dependencies:
- name: common
  repository: https://nimbushubin.github.io/helmcharts
  version: 0.1.0
- name: redis
  repository: https://charts.bitnami.com/bitnami
  version: 17.8.3
- name: kafka
  repository: ""
  version: 32.2.15
- name: yugabyte
  repository: https://charts.yugabyte.com
  version: 2025.2.0
- name: router
  repository: ""
  version: 0.1.0
- name: nginx-private-ingress
  repository: ""
  version: 0.1.0
- name: nginx-public-ingress
  repository: ""
  version: 0.1.0
- name: echo
  repository: ""
  version: 0.1.0
- name: player
  repository: ""
  version: 0.1.0
- name: kong
  repository: ""
  version: 0.1.0
- name: kong-apis
  repository: ""
  version: 0.1.0
- name: kong-consumers
  repository: ""
  version: 0.1.0
- name: knowledgemw
  repository: ""
  version: 0.1.0
- name: secor
  repository: ""
  version: 0.1.0
- name: cert-manager
  repository: https://charts.jetstack.io
  version: v1.21.1
- name: ingress-nginx
  repository: https://kubernetes.github.io/ingress-nginx
  version: 4.15.1
digest: sha256:734e35393436c4ea1420a0020f7f7ebe6593a5f425134679aa73e7c72384db4f
generated: "2026-09-11T11:41:08.708787+05:30"
