dependencies:
- name: common
  repository: https://nimbushubin.github.io/helmcharts
  version: 0.1.0
- name: redis
  repository: https://charts.bitnami.com/bitnami
  version: 17.8.3
- name: kafka
  repository: ""
  version: 32.2.15
- name: yugabyte
  repository: https://charts.yugabyte.com
  version: 2025.2.0    
digest: sha256:eac514e60f0a7c07ef51027f3782fe346934dce5483ddb34802d8030a84a72cd
generated: "2026-01-13T16:53:27.472202+05:30"
