dependencies:
- name: common
  repository: https://nimbushubin.github.io/helmcharts
  version: 0.1.0
- name: redis
  repository: https://charts.bitnami.com/bitnami
  version: 17.8.3
- name: kafka
  repository: oci://registry-1.docker.io/bitnamicharts
  version: 32.2.15
- name: yugabyte
  repository: https://charts.yugabyte.com
  version: 2025.2.0
- name: janusgraph
  repository: ""
  version: 1.4.10
- name: opensearch
  repository: https://opensearch-project.github.io/helm-charts
  version: 2.37.0
- name: knowlg
  repository: ""
  version: 0.1.0
- name: search
  repository: ""
  version: 0.1.0
- name: flink
  repository: ""
  version: 0.1.0
- name: py-flink
  repository: ""
  version: 0.1.0
- name: ai-pipeline
  repository: ""
  version: 0.1.0
- name: sync-tool
  repository: ""
  version: 0.1.0
digest: sha256:8f1dcadc612bf20b9f72ec84d081be7840a02e2e19c395c5b26f310a53f1e48c
generated: "2026-09-28T12:32:08.323691+05:30"
