dependencies:
- name: common
  repository: https://nimbushubin.github.io/helmcharts
  version: 0.1.0
- name: redis
  repository: https://charts.bitnami.com/bitnami
  version: 17.8.3
- name: kafka
  repository: oci://registry-1.docker.io/bitnamicharts
  version: 32.2.15
- name: yugabyte
  repository: https://charts.yugabyte.com
  version: 2025.2.0
- name: janusgraph
  repository: ""
  version: 1.4.10
- name: opensearch
  repository: https://opensearch-project.github.io/helm-charts
  version: 2.37.0
- name: knowlg
  repository: ""
  version: 0.1.0
- name: search
  repository: ""
  version: 0.1.0
- name: flink
  repository: ""
  version: 0.1.0
- name: py-flink
  repository: ""
  version: 0.1.0
- name: sync-tool
  repository: ""
  version: 0.1.0
digest: sha256:97692448070122435958bb2ba10b8af1d09a0130a848db85107cc1d0d56485d7
generated: "2026-07-22T12:57:45.648893+05:30"
